
Microsoft Visual Studio Solution File, Format Version 12.00
# Visual Studio Version 17
VisualStudioVersion = 17.14.36121.58 d17.14
MinimumVisualStudioVersion = 10.0.40219.1
Project("{FAE04EC0-301F-11D3-BF4B-00C04F79EFBC}") = "QPMT", "QPMT\QPMT.csproj", "{C635F8F1-B63D-4C93-BCA1-13E805D87C4C}"
EndProject
Global
	GlobalSection(SolutionConfigurationPlatforms) = preSolution
		Debug|Any CPU = Debug|Any CPU
		Debug|x64 = Debug|x64
		Release|Any CPU = Release|Any CPU
		Release|x64 = Release|x64
	EndGlobalSection
	GlobalSection(ProjectConfigurationPlatforms) = postSolution
		{C635F8F1-B63D-4C93-BCA1-13E805D87C4C}.Debug|Any CPU.ActiveCfg = Debug|Any CPU
		{C635F8F1-B63D-4C93-BCA1-13E805D87C4C}.Debug|Any CPU.Build.0 = Debug|Any CPU
		{C635F8F1-B63D-4C93-BCA1-13E805D87C4C}.Debug|x64.ActiveCfg = Debug|x64
		{C635F8F1-B63D-4C93-BCA1-13E805D87C4C}.Debug|x64.Build.0 = Debug|x64
		{C635F8F1-B63D-4C93-BCA1-13E805D87C4C}.Release|Any CPU.ActiveCfg = Release|Any CPU
		{C635F8F1-B63D-4C93-BCA1-13E805D87C4C}.Release|Any CPU.Build.0 = Release|Any CPU
		{C635F8F1-B63D-4C93-BCA1-13E805D87C4C}.Release|x64.ActiveCfg = Release|x64
		{C635F8F1-B63D-4C93-BCA1-13E805D87C4C}.Release|x64.Build.0 = Release|x64
	EndGlobalSection
	GlobalSection(SolutionProperties) = preSolution
		HideSolutionNode = FALSE
	EndGlobalSection
	GlobalSection(ExtensibilityGlobals) = postSolution
		SolutionGuid = {80127062-857E-4C78-849B-C6E161120E91}
	EndGlobalSection
EndGlobal
